
Microsoft Visual Studio Solution File, Format Version 12.00
# Visual Studio Version 17
VisualStudioVersion = 17.8.34408.163
MinimumVisualStudioVersion = 10.0.40219.1
Project("{FAE04EC0-301F-11D3-BF4B-00C04F79EFBC}") = "XXLarge", "XXLarge\XXLarge.csproj", "{DAF7411C-86FC-40D5-899F-B49B2C854044}"
EndProject
Global
	GlobalSection(SolutionConfigurationPlatforms) = preSolution
		Debug|Any CPU = Debug|Any CPU
		Release|Any CPU = Release|Any CPU
	EndGlobalSection
	GlobalSection(ProjectConfigurationPlatforms) = postSolution
		{DAF7411C-86FC-40D5-899F-B49B2C854044}.Debug|Any CPU.ActiveCfg = Debug|Any CPU
		{DAF7411C-86FC-40D5-899F-B49B2C854044}.Debug|Any CPU.Build.0 = Debug|Any CPU
		{DAF7411C-86FC-40D5-899F-B49B2C854044}.Release|Any CPU.ActiveCfg = Release|Any CPU
		{DAF7411C-86FC-40D5-899F-B49B2C854044}.Release|Any CPU.Build.0 = Release|Any CPU
	EndGlobalSection
	GlobalSection(SolutionProperties) = preSolution
		HideSolutionNode = FALSE
	EndGlobalSection
	GlobalSection(ExtensibilityGlobals) = postSolution
		SolutionGuid = {47339097-F40B-4E0A-9963-A6CC9A69CFDA}
	EndGlobalSection
EndGlobal
